// !$*UTF8*$!
{
	archiveVersion = 1;
	classes = {
	};
	objectVersion = 56;
	objects = {

/* Begin PBXBuildFile section */
		A916547829C691A400A091E7 /* ToDoAppApp.swift in Sources */ = {isa = PBXBuildFile; fileRef = A916547729C691A400A091E7 /* ToDoAppApp.swift */; };
		A916547A29C691A400A091E7 /* ContentView.swift in Sources */ = {isa = PBXBuildFile; fileRef = A916547929C691A400A091E7 /* ContentView.swift */; };
		A916547C29C691A700A091E7 /* Assets.xcassets in Resources */ = {isa = PBXBuildFile; fileRef = A916547B29C691A700A091E7 /* Assets.xcassets */; };
		A916547F29C691A700A091E7 /* Preview Assets.xcassets in Resources */ = {isa = PBXBuildFile; fileRef = A916547E29C691A700A091E7 /* Preview Assets.xcassets */; };
		A916548629C6933E00A091E7 /* TasksView.swift in Sources */ = {isa = PBXBuildFile; fileRef = A916548529C6933E00A091E7 /* TasksView.swift */; };
		A9B442A829CBBA2E0053D53C /* Realm in Frameworks */ = {isa = PBXBuildFile; productRef = A9B442A729CBBA2E0053D53C /* Realm */; };
		A9B442AA29CBBA2E0053D53C /* RealmSwift in Frameworks */ = {isa = PBXBuildFile; productRef = A9B442A929CBBA2E0053D53C /* RealmSwift */; };
		A9B442AC29CBBBEA0053D53C /* RealmManager.swift in Sources */ = {isa = PBXBuildFile; fileRef = A9B442AB29CBBBEA0053D53C /* RealmManager.swift */; };
		A9B442AE29CCB6220053D53C /* Task.swift in Sources */ = {isa = PBXBuildFile; fileRef = A9B442AD29CCB6220053D53C /* Task.swift */; };
		A9EDE79329C6A1D800BA88A6 /* TaskRow.swift in Sources */ = {isa = PBXBuildFile; fileRef = A9EDE79229C6A1D800BA88A6 /* TaskRow.swift */; };
		A9EDE79529C6AFB500BA88A6 /* AddTaskView.swift in Sources */ = {isa = PBXBuildFile; fileRef = A9EDE79429C6AFB500BA88A6 /* AddTaskView.swift */; };
		A9EDE79729C6B50800BA88A6 /* SmallAddButton.swift in Sources */ = {isa = PBXBuildFile; fileRef = A9EDE79629C6B50800BA88A6 /* SmallAddButton.swift */; };
/* End PBXBuildFile section */

/* Begin PBXFileReference section */
		A916547429C691A400A091E7 /* ToDoApp.app */ = {isa = PBXFileReference; explicitFileType = wrapper.application; includeInIndex = 0; path = ToDoApp.app; sourceTree = BUILT_PRODUCTS_DIR; };
		A916547729C691A400A091E7 /* ToDoAppApp.swift */ = {isa = PBXFileReference; lastKnownFileType = sourcecode.swift; path = ToDoAppApp.swift; sourceTree = "<group>"; };
		A916547929C691A400A091E7 /* ContentView.swift */ = {isa = PBXFileReference; lastKnownFileType = sourcecode.swift; path = ContentView.swift; sourceTree = "<group>"; };
		A916547B29C691A700A091E7 /* Assets.xcassets */ = {isa = PBXFileReference; lastKnownFileType = folder.assetcatalog; path = Assets.xcassets; sourceTree = "<group>"; };
		A916547E29C691A700A091E7 /* Preview Assets.xcassets */ = {isa = PBXFileReference; lastKnownFileType = folder.assetcatalog; path = "Preview Assets.xcassets"; sourceTree = "<group>"; };
		A916548529C6933E00A091E7 /* TasksView.swift */ = {isa = PBXFileReference; lastKnownFileType = sourcecode.swift; path = TasksView.swift; sourceTree = "<group>"; };
		A9B442AB29CBBBEA0053D53C /* RealmManager.swift */ = {isa = PBXFileReference; lastKnownFileType = sourcecode.swift; path = RealmManager.swift; sourceTree = "<group>"; };
		A9B442AD29CCB6220053D53C /* Task.swift */ = {isa = PBXFileReference; lastKnownFileType = sourcecode.swift; path = Task.swift; sourceTree = "<group>"; };
		A9EDE79229C6A1D800BA88A6 /* TaskRow.swift */ = {isa = PBXFileReference; lastKnownFileType = sourcecode.swift; path = TaskRow.swift; sourceTree = "<group>"; };
		A9EDE79429C6AFB500BA88A6 /* AddTaskView.swift */ = {isa = PBXFileReference; lastKnownFileType = sourcecode.swift; path = AddTaskView.swift; sourceTree = "<group>"; };
		A9EDE79629C6B50800BA88A6 /* SmallAddButton.swift */ = {isa = PBXFileReference; lastKnownFileType = sourcecode.swift; path = SmallAddButton.swift; sourceTree = "<group>"; };
/* End PBXFileReference section */

/* Begin PBXFrameworksBuildPhase section */
		A916547129C691A400A091E7 /* Frameworks */ = {
			isa = PBXFrameworksBuildPhase;
			buildActionMask = 2147483647;
			files = (
				A9B442AA29CBBA2E0053D53C /* RealmSwift in Frameworks */,
				A9B442A829CBBA2E0053D53C /* Realm in Frameworks */,
			);
			runOnlyForDeploymentPostprocessing = 0;
		};
/* End PBXFrameworksBuildPhase section */

/* Begin PBXGroup section */
		A916546B29C691A400A091E7 = {
			isa = PBXGroup;
			children = (
				A916547629C691A400A091E7 /* ToDoApp */,
				A916547529C691A400A091E7 /* Products */,
			);
			sourceTree = "<group>";
		};
		A916547529C691A400A091E7 /* Products */ = {
			isa = PBXGroup;
			children = (
				A916547429C691A400A091E7 /* ToDoApp.app */,
			);
			name = Products;
			sourceTree = "<group>";
		};
		A916547629C691A400A091E7 /* ToDoApp */ = {
			isa = PBXGroup;
			children = (
				A916547729C691A400A091E7 /* ToDoAppApp.swift */,
				A916547D29C691A700A091E7 /* Preview Content */,
				A9EDE79129C6A19800BA88A6 /* Components */,
				A916547B29C691A700A091E7 /* Assets.xcassets */,
				A916548729C6935B00A091E7 /* Views */,
				A9B442AB29CBBBEA0053D53C /* RealmManager.swift */,
				A9B442AD29CCB6220053D53C /* Task.swift */,
			);
			path = ToDoApp;
			sourceTree = "<group>";
		};
		A916547D29C691A700A091E7 /* Preview Content */ = {
			isa = PBXGroup;
			children = (
				A916547E29C691A700A091E7 /* Preview Assets.xcassets */,
			);
			path = "Preview Content";
			sourceTree = "<group>";
		};
		A916548729C6935B00A091E7 /* Views */ = {
			isa = PBXGroup;
			children = (
				A916548529C6933E00A091E7 /* TasksView.swift */,
				A916547929C691A400A091E7 /* ContentView.swift */,
				A9EDE79429C6AFB500BA88A6 /* AddTaskView.swift */,
			);
			path = Views;
			sourceTree = "<group>";
		};
		A9EDE79129C6A19800BA88A6 /* Components */ = {
			isa = PBXGroup;
			children = (
				A9EDE79229C6A1D800BA88A6 /* TaskRow.swift */,
				A9EDE79629C6B50800BA88A6 /* SmallAddButton.swift */,
			);
			path = Components;
			sourceTree = "<group>";
		};
/* End PBXGroup section */

/* Begin PBXNativeTarget section */
		A916547329C691A400A091E7 /* ToDoApp */ = {
			isa = PBXNativeTarget;
			buildConfigurationList = A916548229C691A700A091E7 /* Build configuration list for PBXNativeTarget "ToDoApp" */;
			buildPhases = (
				A916547029C691A400A091E7 /* Sources */,
				A916547129C691A400A091E7 /* Frameworks */,
				A916547229C691A400A091E7 /* Resources */,
			);
			buildRules = (
			);
			dependencies = (
			);
			name = ToDoApp;
			packageProductDependencies = (
				A9B442A729CBBA2E0053D53C /* Realm */,
				A9B442A929CBBA2E0053D53C /* RealmSwift */,
			);
			productName = ToDoApp;
			productReference = A916547429C691A400A091E7 /* ToDoApp.app */;
			productType = "com.apple.product-type.application";
		};
/* End PBXNativeTarget section */

/* Begin PBXProject section */
		A916546C29C691A400A091E7 /* Project object */ = {
			isa = PBXProject;
			attributes = {
				BuildIndependentTargetsInParallel = 1;
				LastSwiftUpdateCheck = 1420;
				LastUpgradeCheck = 1420;
				TargetAttributes = {
					A916547329C691A400A091E7 = {
						CreatedOnToolsVersion = 14.2;
					};
				};
			};
			buildConfigurationList = A916546F29C691A400A091E7 /* Build configuration list for PBXProject "ToDoApp" */;
			compatibilityVersion = "Xcode 14.0";
			developmentRegion = en;
			hasScannedForEncodings = 0;
			knownRegions = (
				en,
				Base,
			);
			mainGroup = A916546B29C691A400A091E7;
			packageReferences = (
				A9B442A629CBBA2E0053D53C /* XCRemoteSwiftPackageReference "realm-cocoa" */,
			);
			productRefGroup = A916547529C691A400A091E7 /* Products */;
			projectDirPath = "";
			projectRoot = "";
			targets = (
				A916547329C691A400A091E7 /* ToDoApp */,
			);
		};
/* End PBXProject section */

/* Begin PBXResourcesBuildPhase section */
		A916547229C691A400A091E7 /* Resources */ = {
			isa = PBXResourcesBuildPhase;
			buildActionMask = 2147483647;
			files = (
				A916547F29C691A700A091E7 /* Preview Assets.xcassets in Resources */,
				A916547C29C691A700A091E7 /* Assets.xcassets in Resources */,
			);
			runOnlyForDeploymentPostprocessing = 0;
		};
/* End PBXResourcesBuildPhase section */

/* Begin PBXSourcesBuildPhase section */
		A916547029C691A400A091E7 /* Sources */ = {
			isa = PBXSourcesBuildPhase;
			buildActionMask = 2147483647;
			files = (
				A9B442AE29CCB6220053D53C /* Task.swift in Sources */,
				A916547A29C691A400A091E7 /* ContentView.swift in Sources */,
				A9EDE79529C6AFB500BA88A6 /* AddTaskView.swift in Sources */,
				A916548629C6933E00A091E7 /* TasksView.swift in Sources */,
				A9EDE79729C6B50800BA88A6 /* SmallAddButton.swift in Sources */,
				A916547829C691A400A091E7 /* ToDoAppApp.swift in Sources */,
				A9B442AC29CBBBEA0053D53C /* RealmManager.swift in Sources */,
				A9EDE79329C6A1D800BA88A6 /* TaskRow.swift in Sources */,
			);
			runOnlyForDeploymentPostprocessing = 0;
		};
/* End PBXSourcesBuildPhase section */

/* Begin XCBuildConfiguration section */
		A916548029C691A700A091E7 /* Debug */ = {
			isa = XCBuildConfiguration;
			buildSettings = {
				ALWAYS_SEARCH_USER_PATHS = NO;
				CLANG_ANALYZER_NONNULL = YES;
				CLANG_ANALYZER_NUMBER_OBJECT_CONVERSION = YES_AGGRESSIVE;
				CLANG_CXX_LANGUAGE_STANDARD = "gnu++20";
				CLANG_ENABLE_MODULES = YES;
				CLANG_ENABLE_OBJC_ARC = YES;
				CLANG_ENABLE_OBJC_WEAK = YES;
				CLANG_WARN_BLOCK_CAPTURE_AUTORELEASING = YES;
				CLANG_WARN_BOOL_CONVERSION = YES;
				CLANG_WARN_COMMA = YES;
				CLANG_WARN_CONSTANT_CONVERSION = YES;
				CLANG_WARN_DEPRECATED_OBJC_IMPLEMENTATIONS = YES;
				CLANG_WARN_DIRECT_OBJC_ISA_USAGE = YES_ERROR;
				CLANG_WARN_DOCUMENTATION_COMMENTS = YES;
				CLANG_WARN_EMPTY_BODY = YES;
				CLANG_WARN_ENUM_CONVERSION = YES;
				CLANG_WARN_INFINITE_RECURSION = YES;
				CLANG_WARN_INT_CONVERSION = YES;
				CLANG_WARN_NON_LITERAL_NULL_CONVERSION = YES;
				CLANG_WARN_OBJC_IMPLICIT_RETAIN_SELF = YES;
				CLANG_WARN_OBJC_LITERAL_CONVERSION = YES;
				CLANG_WARN_OBJC_ROOT_CLASS = YES_ERROR;
				CLANG_WARN_QUOTED_INCLUDE_IN_FRAMEWORK_HEADER = YES;
				CLANG_WARN_RANGE_LOOP_ANALYSIS = YES;
				CLANG_WARN_STRICT_PROTOTYPES = YES;
				CLANG_WARN_SUSPICIOUS_MOVE = YES;
				CLANG_WARN_UNGUARDED_AVAILABILITY = YES_AGGRESSIVE;
				CLANG_WARN_UNREACHABLE_CODE = YES;
				CLANG_WARN__DUPLICATE_METHOD_MATCH = YES;
				COPY_PHASE_STRIP = NO;
				DEBUG_INFORMATION_FORMAT = dwarf;
				ENABLE_STRICT_OBJC_MSGSEND = YES;
				ENABLE_TESTABILITY = YES;
				GCC_C_LANGUAGE_STANDARD = gnu11;
				GCC_DYNAMIC_NO_PIC = NO;
				GCC_NO_COMMON_BLOCKS = YES;
				GCC_OPTIMIZATION_LEVEL = 0;
				GCC_PREPROCESSOR_DEFINITIONS = (
					"DEBUG=1",
					"$(inherited)",
				);
				GCC_WARN_64_TO_32_BIT_CONVERSION = YES;
				GCC_WARN_ABOUT_RETURN_TYPE = YES_ERROR;
				GCC_WARN_UNDECLARED_SELECTOR = YES;
				GCC_WARN_UNINITIALIZED_AUTOS = YES_AGGRESSIVE;
				GCC_WARN_UNUSED_FUNCTION = YES;
				GCC_WARN_UNUSED_VARIABLE = YES;
				IPHONEOS_DEPLOYMENT_TARGET = 16.2;
				MTL_ENABLE_DEBUG_INFO = INCLUDE_SOURCE;
				MTL_FAST_MATH = YES;
				ONLY_ACTIVE_ARCH = YES;
				SDKROOT = iphoneos;
				SWIFT_ACTIVE_COMPILATION_CONDITIONS = DEBUG;
				SWIFT_OPTIMIZATION_LEVEL = "-Onone";
			};
			name = Debug;
		};
		A916548129C691A700A091E7 /* Release */ = {
			isa = XCBuildConfiguration;
			buildSettings = {
				ALWAYS_SEARCH_USER_PATHS = NO;
				CLANG_ANALYZER_NONNULL = YES;
				CLANG_ANALYZER_NUMBER_OBJECT_CONVERSION = YES_AGGRESSIVE;
				CLANG_CXX_LANGUAGE_STANDARD = "gnu++20";
				CLANG_ENABLE_MODULES = YES;
				CLANG_ENABLE_OBJC_ARC = YES;
				CLANG_ENABLE_OBJC_WEAK = YES;
				CLANG_WARN_BLOCK_CAPTURE_AUTORELEASING = YES;
				CLANG_WARN_BOOL_CONVERSION = YES;
				CLANG_WARN_COMMA = YES;
				CLANG_WARN_CONSTANT_CONVERSION = YES;
				CLANG_WARN_DEPRECATED_OBJC_IMPLEMENTATIONS = YES;
				CLANG_WARN_DIRECT_OBJC_ISA_USAGE = YES_ERROR;
				CLANG_WARN_DOCUMENTATION_COMMENTS = YES;
				CLANG_WARN_EMPTY_BODY = YES;
				CLANG_WARN_ENUM_CONVERSION = YES;
				CLANG_WARN_INFINITE_RECURSION = YES;
				CLANG_WARN_INT_CONVERSION = YES;
				CLANG_WARN_NON_LITERAL_NULL_CONVERSION = YES;
				CLANG_WARN_OBJC_IMPLICIT_RETAIN_SELF = YES;
				CLANG_WARN_OBJC_LITERAL_CONVERSION = YES;
				CLANG_WARN_OBJC_ROOT_CLASS = YES_ERROR;
				CLANG_WARN_QUOTED_INCLUDE_IN_FRAMEWORK_HEADER = YES;
				CLANG_WARN_RANGE_LOOP_ANALYSIS = YES;
				CLANG_WARN_STRICT_PROTOTYPES = YES;
				CLANG_WARN_SUSPICIOUS_MOVE = YES;
				CLANG_WARN_UNGUARDED_AVAILABILITY = YES_AGGRESSIVE;
				CLANG_WARN_UNREACHABLE_CODE = YES;
				CLANG_WARN__DUPLICATE_METHOD_MATCH = YES;
				COPY_PHASE_STRIP = NO;
				DEBUG_INFORMATION_FORMAT = "dwarf-with-dsym";
				ENABLE_NS_ASSERTIONS = NO;
				ENABLE_STRICT_OBJC_MSGSEND = YES;
				GCC_C_LANGUAGE_STANDARD = gnu11;
				GCC_NO_COMMON_BLOCKS = YES;
				GCC_WARN_64_TO_32_BIT_CONVERSION = YES;
				GCC_WARN_ABOUT_RETURN_TYPE = YES_ERROR;
				GCC_WARN_UNDECLARED_SELECTOR = YES;
				GCC_WARN_UNINITIALIZED_AUTOS = YES_AGGRESSIVE;
				GCC_WARN_UNUSED_FUNCTION = YES;
				GCC_WARN_UNUSED_VARIABLE = YES;
				IPHONEOS_DEPLOYMENT_TARGET = 16.2;
				MTL_ENABLE_DEBUG_INFO = NO;
				MTL_FAST_MATH = YES;
				SDKROOT = iphoneos;
				SWIFT_COMPILATION_MODE = wholemodule;
				SWIFT_OPTIMIZATION_LEVEL = "-O";
				VALIDATE_PRODUCT = YES;
			};
			name = Release;
		};
		A916548329C691A700A091E7 /* Debug */ = {
			isa = XCBuildConfiguration;
			buildSettings = {
				ASSETCATALOG_COMPILER_APPICON_NAME = AppIcon;
				ASSETCATALOG_COMPILER_GLOBAL_ACCENT_COLOR_NAME = AccentColor;
				CODE_SIGN_STYLE = Automatic;
				CURRENT_PROJECT_VERSION = 1;
				DEVELOPMENT_ASSET_PATHS = "\"ToDoApp/Preview Content\"";
				DEVELOPMENT_TEAM = KL6UQP26RK;
				ENABLE_PREVIEWS = YES;
				GENERATE_INFOPLIST_FILE = YES;
				INFOPLIST_KEY_UIApplicationSceneManifest_Generation = YES;
				INFOPLIST_KEY_UIApplicationSupportsIndirectInputEvents = YES;
				INFOPLIST_KEY_UILaunchScreen_Generation = YES;
				INFOPLIST_KEY_UISupportedInterfaceOrientations_iPad = "UIInterfaceOrientationPortrait UIInterfaceOrientationPortraitUpsideDown UIInterfaceOrientationLandscapeLeft UIInterfaceOrientationLandscapeRight";
				INFOPLIST_KEY_UISupportedInterfaceOrientations_iPhone = "UIInterfaceOrientationPortrait UIInterfaceOrientationLandscapeLeft UIInterfaceOrientationLandscapeRight";
				LD_RUNPATH_SEARCH_PATHS = (
					"$(inherited)",
					"@executable_path/Frameworks",
				);
				MARKETING_VERSION = 1.0;
				PRODUCT_BUNDLE_IDENTIFIER = Castro.ToDoApp;
				PRODUCT_NAME = "$(TARGET_NAME)";
				SWIFT_EMIT_LOC_STRINGS = YES;
				SWIFT_VERSION = 5.0;
				TARGETED_DEVICE_FAMILY = "1,2";
			};
			name = Debug;
		};
		A916548429C691A700A091E7 /* Release */ = {
			isa = XCBuildConfiguration;
			buildSettings = {
				ASSETCATALOG_COMPILER_APPICON_NAME = AppIcon;
				ASSETCATALOG_COMPILER_GLOBAL_ACCENT_COLOR_NAME = AccentColor;
				CODE_SIGN_STYLE = Automatic;
				CURRENT_PROJECT_VERSION = 1;
				DEVELOPMENT_ASSET_PATHS = "\"ToDoApp/Preview Content\"";
				DEVELOPMENT_TEAM = KL6UQP26RK;
				ENABLE_PREVIEWS = YES;
				GENERATE_INFOPLIST_FILE = YES;
				INFOPLIST_KEY_UIApplicationSceneManifest_Generation = YES;
				INFOPLIST_KEY_UIApplicationSupportsIndirectInputEvents = YES;
				INFOPLIST_KEY_UILaunchScreen_Generation = YES;
				INFOPLIST_KEY_UISupportedInterfaceOrientations_iPad = "UIInterfaceOrientationPortrait UIInterfaceOrientationPortraitUpsideDown UIInterfaceOrientationLandscapeLeft UIInterfaceOrientationLandscapeRight";
				INFOPLIST_KEY_UISupportedInterfaceOrientations_iPhone = "UIInterfaceOrientationPortrait UIInterfaceOrientationLandscapeLeft UIInterfaceOrientationLandscapeRight";
				LD_RUNPATH_SEARCH_PATHS = (
					"$(inherited)",
					"@executable_path/Frameworks",
				);
				MARKETING_VERSION = 1.0;
				PRODUCT_BUNDLE_IDENTIFIER = Castro.ToDoApp;
				PRODUCT_NAME = "$(TARGET_NAME)";
				SWIFT_EMIT_LOC_STRINGS = YES;
				SWIFT_VERSION = 5.0;
				TARGETED_DEVICE_FAMILY = "1,2";
			};
			name = Release;
		};
/* End XCBuildConfiguration section */

/* Begin XCConfigurationList section */
		A916546F29C691A400A091E7 /* Build configuration list for PBXProject "ToDoApp" */ = {
			isa = XCConfigurationList;
			buildConfigurations = (
				A916548029C691A700A091E7 /* Debug */,
				A916548129C691A700A091E7 /* Release */,
			);
			defaultConfigurationIsVisible = 0;
			defaultConfigurationName = Release;
		};
		A916548229C691A700A091E7 /* Build configuration list for PBXNativeTarget "ToDoApp" */ = {
			isa = XCConfigurationList;
			buildConfigurations = (
				A916548329C691A700A091E7 /* Debug */,
				A916548429C691A700A091E7 /* Release */,
			);
			defaultConfigurationIsVisible = 0;
			defaultConfigurationName = Release;
		};
/* End XCConfigurationList section */

/* Begin XCRemoteSwiftPackageReference section */
		A9B442A629CBBA2E0053D53C /* XCRemoteSwiftPackageReference "realm-cocoa" */ = {
			isa = XCRemoteSwiftPackageReference;
			repositoryURL = "https://github.com/realm/realm-cocoa.git";
			requirement = {
				kind = upToNextMajorVersion;
				minimumVersion = 10.10.0;
			};
		};
/* End XCRemoteSwiftPackageReference section */

/* Begin XCSwiftPackageProductDependency section */
		A9B442A729CBBA2E0053D53C /* Realm */ = {
			isa = XCSwiftPackageProductDependency;
			package = A9B442A629CBBA2E0053D53C /* XCRemoteSwiftPackageReference "realm-cocoa" */;
			productName = Realm;
		};
		A9B442A929CBBA2E0053D53C /* RealmSwift */ = {
			isa = XCSwiftPackageProductDependency;
			package = A9B442A629CBBA2E0053D53C /* XCRemoteSwiftPackageReference "realm-cocoa" */;
			productName = RealmSwift;
		};
/* End XCSwiftPackageProductDependency section */
	};
	rootObject = A916546C29C691A400A091E7 /* Project object */;
}
